{
  "name": "lemonjs-lui",
  "version": "1.0.5",
  "lockfileVersion": 1,
  "requires": true,
  "dependencies": {
    "lemonjs-browser": {
      "version": "1.1.7",
      "resolved": "https://registry.npmjs.org/lemonjs-browser/-/lemonjs-browser-1.1.7.tgz",
      "integrity": "sha512-+r8RETgVRYiNojlwwq7oV4jAsdWY4G/LunDSmPTXSz2lEOl5ZNSyrdo11EdUQvI6BILbM4q8EjXbKE8BEXTtlQ=="
    }
  }
}
